// !$*UTF8*$!
{
	archiveVersion = 1;
	classes = {
	};
	objectVersion = 48;
	objects = {

/* Begin PBXBuildFile section */
		7A0B42851FB2E52400348895 /* AppDelegate.m in Sources */ = {isa = PBXBuildFile; fileRef = 7A0B42841FB2E52400348895 /* AppDelegate.m */; };
		7A0B42881FB2E52400348895 /* ViewController.m in Sources */ = {isa = PBXBuildFile; fileRef = 7A0B42871FB2E52400348895 /* ViewController.m */; };
		7A0B428B1FB2E52400348895 /* Main.storyboard in Resources */ = {isa = PBXBuildFile; fileRef = 7A0B42891FB2E52400348895 /* Main.storyboard */; };
		7A0B428D1FB2E52400348895 /* Assets.xcassets in Resources */ = {isa = PBXBuildFile; fileRef = 7A0B428C1FB2E52400348895 /* Assets.xcassets */; };
		7A0B42901FB2E52400348895 /* LaunchScreen.storyboard in Resources */ = {isa = PBXBuildFile; fileRef = 7A0B428E1FB2E52400348895 /* LaunchScreen.storyboard */; };
		7A0B42931FB2E52400348895 /* main.m in Sources */ = {isa = PBXBuildFile; fileRef = 7A0B42921FB2E52400348895 /* main.m */; };
		7A0B429B1FB2E5D400348895 /* ParticleSDK.framework in Frameworks */ = {isa = PBXBuildFile; fileRef = 7A0B42991FB2E5D300348895 /* ParticleSDK.framework */; };
		7A0B429D1FB2E5DA00348895 /* AFNetworking.framework in Frameworks */ = {isa = PBXBuildFile; fileRef = 7A0B429A1FB2E5D400348895 /* AFNetworking.framework */; };
		7A0B429E1FB2E5DA00348895 /* AFNetworking.framework in Embed Frameworks */ = {isa = PBXBuildFile; fileRef = 7A0B429A1FB2E5D400348895 /* AFNetworking.framework */; settings = {ATTRIBUTES = (CodeSignOnCopy, RemoveHeadersOnCopy, ); }; };
		7A0B42A11FB2E5DF00348895 /* ParticleSDK.framework in Embed Frameworks */ = {isa = PBXBuildFile; fileRef = 7A0B42991FB2E5D300348895 /* ParticleSDK.framework */; settings = {ATTRIBUTES = (CodeSignOnCopy, RemoveHeadersOnCopy, ); }; };
		7A0B42A51FB2E73C00348895 /* PhotonManager.m in Sources */ = {isa = PBXBuildFile; fileRef = 7A0B42A31FB2E73C00348895 /* PhotonManager.m */; };
/* End PBXBuildFile section */

/* Begin PBXCopyFilesBuildPhase section */
		7A0B429F1FB2E5DA00348895 /* Embed Frameworks */ = {
			isa = PBXCopyFilesBuildPhase;
			buildActionMask = 2147483647;
			dstPath = "";
			dstSubfolderSpec = 10;
			files = (
				7A0B429E1FB2E5DA00348895 /* AFNetworking.framework in Embed Frameworks */,
				7A0B42A11FB2E5DF00348895 /* ParticleSDK.framework in Embed Frameworks */,
			);
			name = "Embed Frameworks";
			runOnlyForDeploymentPostprocessing = 0;
		};
/* End PBXCopyFilesBuildPhase section */

/* Begin PBXFileReference section */
		7A0B42801FB2E52400348895 /* HackEDbeta.app */ = {isa = PBXFileReference; explicitFileType = wrapper.application; includeInIndex = 0; path = HackEDbeta.app; sourceTree = BUILT_PRODUCTS_DIR; };
		7A0B42831FB2E52400348895 /* AppDelegate.h */ = {isa = PBXFileReference; lastKnownFileType = sourcecode.c.h; path = AppDelegate.h; sourceTree = "<group>"; };
		7A0B42841FB2E52400348895 /* AppDelegate.m */ = {isa = PBXFileReference; lastKnownFileType = sourcecode.c.objc; path = AppDelegate.m; sourceTree = "<group>"; };
		7A0B42861FB2E52400348895 /* ViewController.h */ = {isa = PBXFileReference; lastKnownFileType = sourcecode.c.h; path = ViewController.h; sourceTree = "<group>"; };
		7A0B42871FB2E52400348895 /* ViewController.m */ = {isa = PBXFileReference; lastKnownFileType = sourcecode.c.objc; path = ViewController.m; sourceTree = "<group>"; };
		7A0B428A1FB2E52400348895 /* Base */ = {isa = PBXFileReference; lastKnownFileType = file.storyboard; name = Base; path = Base.lproj/Main.storyboard; sourceTree = "<group>"; };
		7A0B428C1FB2E52400348895 /* Assets.xcassets */ = {isa = PBXFileReference; lastKnownFileType = folder.assetcatalog; path = Assets.xcassets; sourceTree = "<group>"; };
		7A0B428F1FB2E52400348895 /* Base */ = {isa = PBXFileReference; lastKnownFileType = file.storyboard; name = Base; path = Base.lproj/LaunchScreen.storyboard; sourceTree = "<group>"; };
		7A0B42911FB2E52400348895 /* Info.plist */ = {isa = PBXFileReference; lastKnownFileType = text.plist.xml; path = Info.plist; sourceTree = "<group>"; };
		7A0B42921FB2E52400348895 /* main.m */ = {isa = PBXFileReference; lastKnownFileType = sourcecode.c.objc; path = main.m; sourceTree = "<group>"; };
		7A0B42991FB2E5D300348895 /* ParticleSDK.framework */ = {isa = PBXFileReference; lastKnownFileType = wrapper.framework; name = ParticleSDK.framework; path = Carthage/Build/iOS/ParticleSDK.framework; sourceTree = "<group>"; };
		7A0B429A1FB2E5D400348895 /* AFNetworking.framework */ = {isa = PBXFileReference; lastKnownFileType = wrapper.framework; name = AFNetworking.framework; path = Carthage/Build/iOS/AFNetworking.framework; sourceTree = "<group>"; };
		7A0B42A31FB2E73C00348895 /* PhotonManager.m */ = {isa = PBXFileReference; fileEncoding = 4; lastKnownFileType = sourcecode.c.objc; path = PhotonManager.m; sourceTree = "<group>"; };
		7A0B42A41FB2E73C00348895 /* PhotonManager.h */ = {isa = PBXFileReference; fileEncoding = 4; lastKnownFileType = sourcecode.c.h; path = PhotonManager.h; sourceTree = "<group>"; };
/* End PBXFileReference section */

/* Begin PBXFrameworksBuildPhase section */
		7A0B427D1FB2E52400348895 /* Frameworks */ = {
			isa = PBXFrameworksBuildPhase;
			buildActionMask = 2147483647;
			files = (
				7A0B429B1FB2E5D400348895 /* ParticleSDK.framework in Frameworks */,
				7A0B429D1FB2E5DA00348895 /* AFNetworking.framework in Frameworks */,
			);
			runOnlyForDeploymentPostprocessing = 0;
		};
/* End PBXFrameworksBuildPhase section */

/* Begin PBXGroup section */
		7A0B42771FB2E52400348895 = {
			isa = PBXGroup;
			children = (
				7A0B42821FB2E52400348895 /* HackEDbeta */,
				7A0B42811FB2E52400348895 /* Products */,
				7A0B429A1FB2E5D400348895 /* AFNetworking.framework */,
				7A0B42991FB2E5D300348895 /* ParticleSDK.framework */,
			);
			sourceTree = "<group>";
		};
		7A0B42811FB2E52400348895 /* Products */ = {
			isa = PBXGroup;
			children = (
				7A0B42801FB2E52400348895 /* HackEDbeta.app */,
			);
			name = Products;
			sourceTree = "<group>";
		};
		7A0B42821FB2E52400348895 /* HackEDbeta */ = {
			isa = PBXGroup;
			children = (
				7A0B42A21FB2E72D00348895 /* Model */,
				7A0B42831FB2E52400348895 /* AppDelegate.h */,
				7A0B42841FB2E52400348895 /* AppDelegate.m */,
				7A0B42861FB2E52400348895 /* ViewController.h */,
				7A0B42871FB2E52400348895 /* ViewController.m */,
				7A0B42891FB2E52400348895 /* Main.storyboard */,
				7A0B428C1FB2E52400348895 /* Assets.xcassets */,
				7A0B428E1FB2E52400348895 /* LaunchScreen.storyboard */,
				7A0B42911FB2E52400348895 /* Info.plist */,
				7A0B42921FB2E52400348895 /* main.m */,
			);
			path = HackEDbeta;
			sourceTree = "<group>";
		};
		7A0B42A21FB2E72D00348895 /* Model */ = {
			isa = PBXGroup;
			children = (
				7A0B42A41FB2E73C00348895 /* PhotonManager.h */,
				7A0B42A31FB2E73C00348895 /* PhotonManager.m */,
			);
			path = Model;
			sourceTree = "<group>";
		};
/* End PBXGroup section */

/* Begin PBXNativeTarget section */
		7A0B427F1FB2E52400348895 /* HackEDbeta */ = {
			isa = PBXNativeTarget;
			buildConfigurationList = 7A0B42961FB2E52400348895 /* Build configuration list for PBXNativeTarget "HackEDbeta" */;
			buildPhases = (
				7A0B427C1FB2E52400348895 /* Sources */,
				7A0B427D1FB2E52400348895 /* Frameworks */,
				7A0B427E1FB2E52400348895 /* Resources */,
				7A0B429F1FB2E5DA00348895 /* Embed Frameworks */,
			);
			buildRules = (
			);
			dependencies = (
			);
			name = HackEDbeta;
			productName = HackEDbeta;
			productReference = 7A0B42801FB2E52400348895 /* HackEDbeta.app */;
			productType = "com.apple.product-type.application";
		};
/* End PBXNativeTarget section */

/* Begin PBXProject section */
		7A0B42781FB2E52400348895 /* Project object */ = {
			isa = PBXProject;
			attributes = {
				LastUpgradeCheck = 0920;
				ORGANIZATIONNAME = "TechConficio Inc.";
				TargetAttributes = {
					7A0B427F1FB2E52400348895 = {
						CreatedOnToolsVersion = 9.2;
						ProvisioningStyle = Automatic;
					};
				};
			};
			buildConfigurationList = 7A0B427B1FB2E52400348895 /* Build configuration list for PBXProject "HackEDbeta" */;
			compatibilityVersion = "Xcode 8.0";
			developmentRegion = en;
			hasScannedForEncodings = 0;
			knownRegions = (
				en,
				Base,
			);
			mainGroup = 7A0B42771FB2E52400348895;
			productRefGroup = 7A0B42811FB2E52400348895 /* Products */;
			projectDirPath = "";
			projectRoot = "";
			targets = (
				7A0B427F1FB2E52400348895 /* HackEDbeta */,
			);
		};
/* End PBXProject section */

/* Begin PBXResourcesBuildPhase section */
		7A0B427E1FB2E52400348895 /* Resources */ = {
			isa = PBXResourcesBuildPhase;
			buildActionMask = 2147483647;
			files = (
				7A0B42901FB2E52400348895 /* LaunchScreen.storyboard in Resources */,
				7A0B428D1FB2E52400348895 /* Assets.xcassets in Resources */,
				7A0B428B1FB2E52400348895 /* Main.storyboard in Resources */,
			);
			runOnlyForDeploymentPostprocessing = 0;
		};
/* End PBXResourcesBuildPhase section */

/* Begin PBXSourcesBuildPhase section */
		7A0B427C1FB2E52400348895 /* Sources */ = {
			isa = PBXSourcesBuildPhase;
			buildActionMask = 2147483647;
			files = (
				7A0B42881FB2E52400348895 /* ViewController.m in Sources */,
				7A0B42A51FB2E73C00348895 /* PhotonManager.m in Sources */,
				7A0B42931FB2E52400348895 /* main.m in Sources */,
				7A0B42851FB2E52400348895 /* AppDelegate.m in Sources */,
			);
			runOnlyForDeploymentPostprocessing = 0;
		};
/* End PBXSourcesBuildPhase section */

/* Begin PBXVariantGroup section */
		7A0B42891FB2E52400348895 /* Main.storyboard */ = {
			isa = PBXVariantGroup;
			children = (
				7A0B428A1FB2E52400348895 /* Base */,
			);
			name = Main.storyboard;
			sourceTree = "<group>";
		};
		7A0B428E1FB2E52400348895 /* LaunchScreen.storyboard */ = {
			isa = PBXVariantGroup;
			children = (
				7A0B428F1FB2E52400348895 /* Base */,
			);
			name = LaunchScreen.storyboard;
			sourceTree = "<group>";
		};
/* End PBXVariantGroup section */

/* Begin XCBuildConfiguration section */
		7A0B42941FB2E52400348895 /* Debug */ = {
			isa = XCBuildConfiguration;
			buildSettings = {
				ALWAYS_SEARCH_USER_PATHS = NO;
				CLANG_ANALYZER_NONNULL = YES;
				CLANG_ANALYZER_NUMBER_OBJECT_CONVERSION = YES_AGGRESSIVE;
				CLANG_CXX_LANGUAGE_STANDARD = "gnu++14";
				CLANG_CXX_LIBRARY = "libc++";
				CLANG_ENABLE_MODULES = YES;
				CLANG_ENABLE_OBJC_ARC = YES;
				CLANG_WARN_BLOCK_CAPTURE_AUTORELEASING = YES;
				CLANG_WARN_BOOL_CONVERSION = YES;
				CLANG_WARN_COMMA = YES;
				CLANG_WARN_CONSTANT_CONVERSION = YES;
				CLANG_WARN_DIRECT_OBJC_ISA_USAGE = YES_ERROR;
				CLANG_WARN_DOCUMENTATION_COMMENTS = YES;
				CLANG_WARN_EMPTY_BODY = YES;
				CLANG_WARN_ENUM_CONVERSION = YES;
				CLANG_WARN_INFINITE_RECURSION = YES;
				CLANG_WARN_INT_CONVERSION = YES;
				CLANG_WARN_NON_LITERAL_NULL_CONVERSION = YES;
				CLANG_WARN_OBJC_LITERAL_CONVERSION = YES;
				CLANG_WARN_OBJC_ROOT_CLASS = YES_ERROR;
				CLANG_WARN_RANGE_LOOP_ANALYSIS = YES;
				CLANG_WARN_STRICT_PROTOTYPES = YES;
				CLANG_WARN_SUSPICIOUS_MOVE = YES;
				CLANG_WARN_UNGUARDED_AVAILABILITY = YES_AGGRESSIVE;
				CLANG_WARN_UNREACHABLE_CODE = YES;
				CLANG_WARN__DUPLICATE_METHOD_MATCH = YES;
				CODE_SIGN_IDENTITY = "iPhone Developer";
				COPY_PHASE_STRIP = NO;
				DEBUG_INFORMATION_FORMAT = dwarf;
				ENABLE_STRICT_OBJC_MSGSEND = YES;
				ENABLE_TESTABILITY = YES;
				GCC_C_LANGUAGE_STANDARD = gnu11;
				GCC_DYNAMIC_NO_PIC = NO;
				GCC_NO_COMMON_BLOCKS = YES;
				GCC_OPTIMIZATION_LEVEL = 0;
				GCC_PREPROCESSOR_DEFINITIONS = (
					"DEBUG=1",
					"$(inherited)",
				);
				GCC_WARN_64_TO_32_BIT_CONVERSION = YES;
				GCC_WARN_ABOUT_RETURN_TYPE = YES_ERROR;
				GCC_WARN_UNDECLARED_SELECTOR = YES;
				GCC_WARN_UNINITIALIZED_AUTOS = YES_AGGRESSIVE;
				GCC_WARN_UNUSED_FUNCTION = YES;
				GCC_WARN_UNUSED_VARIABLE = YES;
				IPHONEOS_DEPLOYMENT_TARGET = 11.2;
				MTL_ENABLE_DEBUG_INFO = YES;
				ONLY_ACTIVE_ARCH = YES;
				SDKROOT = iphoneos;
			};
			name = Debug;
		};
		7A0B42951FB2E52400348895 /* Release */ = {
			isa = XCBuildConfiguration;
			buildSettings = {
				ALWAYS_SEARCH_USER_PATHS = NO;
				CLANG_ANALYZER_NONNULL = YES;
				CLANG_ANALYZER_NUMBER_OBJECT_CONVERSION = YES_AGGRESSIVE;
				CLANG_CXX_LANGUAGE_STANDARD = "gnu++14";
				CLANG_CXX_LIBRARY = "libc++";
				CLANG_ENABLE_MODULES = YES;
				CLANG_ENABLE_OBJC_ARC = YES;
				CLANG_WARN_BLOCK_CAPTURE_AUTORELEASING = YES;
				CLANG_WARN_BOOL_CONVERSION = YES;
				CLANG_WARN_COMMA = YES;
				CLANG_WARN_CONSTANT_CONVERSION = YES;
				CLANG_WARN_DIRECT_OBJC_ISA_USAGE = YES_ERROR;
				CLANG_WARN_DOCUMENTATION_COMMENTS = YES;
				CLANG_WARN_EMPTY_BODY = YES;
				CLANG_WARN_ENUM_CONVERSION = YES;
				CLANG_WARN_INFINITE_RECURSION = YES;
				CLANG_WARN_INT_CONVERSION = YES;
				CLANG_WARN_NON_LITERAL_NULL_CONVERSION = YES;
				CLANG_WARN_OBJC_LITERAL_CONVERSION = YES;
				CLANG_WARN_OBJC_ROOT_CLASS = YES_ERROR;
				CLANG_WARN_RANGE_LOOP_ANALYSIS = YES;
				CLANG_WARN_STRICT_PROTOTYPES = YES;
				CLANG_WARN_SUSPICIOUS_MOVE = YES;
				CLANG_WARN_UNGUARDED_AVAILABILITY = YES_AGGRESSIVE;
				CLANG_WARN_UNREACHABLE_CODE = YES;
				CLANG_WARN__DUPLICATE_METHOD_MATCH = YES;
				CODE_SIGN_IDENTITY = "iPhone Developer";
				COPY_PHASE_STRIP = NO;
				DEBUG_INFORMATION_FORMAT = "dwarf-with-dsym";
				ENABLE_NS_ASSERTIONS = NO;
				ENABLE_STRICT_OBJC_MSGSEND = YES;
				GCC_C_LANGUAGE_STANDARD = gnu11;
				GCC_NO_COMMON_BLOCKS = YES;
				GCC_WARN_64_TO_32_BIT_CONVERSION = YES;
				GCC_WARN_ABOUT_RETURN_TYPE = YES_ERROR;
				GCC_WARN_UNDECLARED_SELECTOR = YES;
				GCC_WARN_UNINITIALIZED_AUTOS = YES_AGGRESSIVE;
				GCC_WARN_UNUSED_FUNCTION = YES;
				GCC_WARN_UNUSED_VARIABLE = YES;
				IPHONEOS_DEPLOYMENT_TARGET = 11.2;
				MTL_ENABLE_DEBUG_INFO = NO;
				SDKROOT = iphoneos;
				VALIDATE_PRODUCT = YES;
			};
			name = Release;
		};
		7A0B42971FB2E52400348895 /* Debug */ = {
			isa = XCBuildConfiguration;
			buildSettings = {
				ASSETCATALOG_COMPILER_APPICON_NAME = AppIcon;
				CODE_SIGN_STYLE = Automatic;
				DEVELOPMENT_TEAM = 44LSRGLNFM;
				FRAMEWORK_SEARCH_PATHS = (
					"$(inherited)",
					"$(PROJECT_DIR)/Carthage/Build/iOS",
				);
				INFOPLIST_FILE = HackEDbeta/Info.plist;
				LD_RUNPATH_SEARCH_PATHS = "$(inherited) @executable_path/Frameworks";
				PRODUCT_BUNDLE_IDENTIFIER = ca.techconficio.HackEDbeta;
				PRODUCT_NAME = "$(TARGET_NAME)";
				TARGETED_DEVICE_FAMILY = "1,2";
			};
			name = Debug;
		};
		7A0B42981FB2E52400348895 /* Release */ = {
			isa = XCBuildConfiguration;
			buildSettings = {
				ASSETCATALOG_COMPILER_APPICON_NAME = AppIcon;
				CODE_SIGN_STYLE = Automatic;
				DEVELOPMENT_TEAM = 44LSRGLNFM;
				FRAMEWORK_SEARCH_PATHS = (
					"$(inherited)",
					"$(PROJECT_DIR)/Carthage/Build/iOS",
				);
				INFOPLIST_FILE = HackEDbeta/Info.plist;
				LD_RUNPATH_SEARCH_PATHS = "$(inherited) @executable_path/Frameworks";
				PRODUCT_BUNDLE_IDENTIFIER = ca.techconficio.HackEDbeta;
				PRODUCT_NAME = "$(TARGET_NAME)";
				TARGETED_DEVICE_FAMILY = "1,2";
			};
			name = Release;
		};
/* End XCBuildConfiguration section */

/* Begin XCConfigurationList section */
		7A0B427B1FB2E52400348895 /* Build configuration list for PBXProject "HackEDbeta" */ = {
			isa = XCConfigurationList;
			buildConfigurations = (
				7A0B42941FB2E52400348895 /* Debug */,
				7A0B42951FB2E52400348895 /* Release */,
			);
			defaultConfigurationIsVisible = 0;
			defaultConfigurationName = Release;
		};
		7A0B42961FB2E52400348895 /* Build configuration list for PBXNativeTarget "HackEDbeta" */ = {
			isa = XCConfigurationList;
			buildConfigurations = (
				7A0B42971FB2E52400348895 /* Debug */,
				7A0B42981FB2E52400348895 /* Release */,
			);
			defaultConfigurationIsVisible = 0;
			defaultConfigurationName = Release;
		};
/* End XCConfigurationList section */
	};
	rootObject = 7A0B42781FB2E52400348895 /* Project object */;
}
